PODS:
  - Rudder (1.0.21)
  - SwiftLint (0.40.3)

DEPENDENCIES:
  - Rudder (from `Rudder/`)
  - SwiftLint

SPEC REPOS:
  trunk:
    - SwiftLint

EXTERNAL SOURCES:
  Rudder:
    :path: Rudder/

SPEC CHECKSUMS:
  Rudder: d36b9036fed53764fabe33d93372d9daa01192f2
  SwiftLint: dfd554ff0dff17288ee574814ccdd5cea85d76f7

PODFILE CHECKSUM: 01d8d7b8caeaf6c3b1a749d34e9b0551b628c03e

COCOAPODS: 1.10.1
