// !$*UTF8*$!
{
	archiveVersion = 1;
	classes = {
	};
	objectVersion = 50;
	objects = {

/* Begin PBXBuildFile section */
		06CABC332630C6B00097BEFF /* Foundation.framework in Frameworks */ = {isa = PBXBuildFile; fileRef = 06CABC322630C6B00097BEFF /* Foundation.framework */; };
		06CABC352630C6D30097BEFF /* UIKit.framework in Frameworks */ = {isa = PBXBuildFile; fileRef = 06CABC2E2630C6660097BEFF /* UIKit.framework */; };
		78A9992A1FF30546EB75AF9A /* Pods_Rudder.framework in Frameworks */ = {isa = PBXBuildFile; fileRef = 07456F1702E47AB7CDC37326 /* Pods_Rudder.framework */; };
		ED1DEAE926C667C600C09CAA /* UserDefaults+Ext.swift in Sources */ = {isa = PBXBuildFile; fileRef = ED1DEAE826C667C600C09CAA /* UserDefaults+Ext.swift */; };
		ED1DEAF226CB8C1F00C09CAA /* RSDestination.swift in Sources */ = {isa = PBXBuildFile; fileRef = ED1DEAF126CB8C1F00C09CAA /* RSDestination.swift */; };
		ED1DEAF426CB8C9000C09CAA /* RSDestinationDefinition.swift in Sources */ = {isa = PBXBuildFile; fileRef = ED1DEAF326CB8C9000C09CAA /* RSDestinationDefinition.swift */; };
		ED1DEAF626CB909900C09CAA /* RSUserDefaults.swift in Sources */ = {isa = PBXBuildFile; fileRef = ED1DEAF526CB909900C09CAA /* RSUserDefaults.swift */; };
		ED923BEE26CE2CE2004A3974 /* RSServerConfig.swift in Sources */ = {isa = PBXBuildFile; fileRef = ED923BED26CE2CE2004A3974 /* RSServerConfig.swift */; };
		ED923BF026CE3DF8004A3974 /* RSDestinationConfig.swift in Sources */ = {isa = PBXBuildFile; fileRef = ED923BEF26CE3DF8004A3974 /* RSDestinationConfig.swift */; };
		ED923BF226CE5B20004A3974 /* RSErrorCode.swift in Sources */ = {isa = PBXBuildFile; fileRef = ED923BF126CE5B20004A3974 /* RSErrorCode.swift */; };
		ED923BF426CE61F7004A3974 /* NSError+Ext.swift in Sources */ = {isa = PBXBuildFile; fileRef = ED923BF326CE61F7004A3974 /* NSError+Ext.swift */; };
		ED923BF626CF88A4004A3974 /* RSEventManager.swift in Sources */ = {isa = PBXBuildFile; fileRef = ED923BF526CF88A4004A3974 /* RSEventManager.swift */; };
		ED923BF926D372C7004A3974 /* RSAppLifeCycleTrackingManager.swift in Sources */ = {isa = PBXBuildFile; fileRef = ED923BF826D372C7004A3974 /* RSAppLifeCycleTrackingManager.swift */; };
		ED923BFB26D373F8004A3974 /* RSScreenTrackingManager.swift in Sources */ = {isa = PBXBuildFile; fileRef = ED923BFA26D373F8004A3974 /* RSScreenTrackingManager.swift */; };
		ED923BFD26D37546004A3974 /* RSProcessorManager.swift in Sources */ = {isa = PBXBuildFile; fileRef = ED923BFC26D37546004A3974 /* RSProcessorManager.swift */; };
		ED923BFF26D37588004A3974 /* RSFactoryManager.swift in Sources */ = {isa = PBXBuildFile; fileRef = ED923BFE26D37588004A3974 /* RSFactoryManager.swift */; };
		ED923C0126D375AF004A3974 /* RSCustomFactoryManager.swift in Sources */ = {isa = PBXBuildFile; fileRef = ED923C0026D375AF004A3974 /* RSCustomFactoryManager.swift */; };
		ED923C0326D37BA1004A3974 /* RSTrackingManager.swift in Sources */ = {isa = PBXBuildFile; fileRef = ED923C0226D37BA1004A3974 /* RSTrackingManager.swift */; };
		ED923C0726D3D055004A3974 /* RSIntegration.swift in Sources */ = {isa = PBXBuildFile; fileRef = ED923C0626D3D055004A3974 /* RSIntegration.swift */; };
		ED923C0C26D63ECA004A3974 /* RSReplayMessageManager.swift in Sources */ = {isa = PBXBuildFile; fileRef = ED923C0B26D63ECA004A3974 /* RSReplayMessageManager.swift */; };
		ED923C0E26D63EEA004A3974 /* RSBaseManager.swift in Sources */ = {isa = PBXBuildFile; fileRef = ED923C0D26D63EEA004A3974 /* RSBaseManager.swift */; };
		ED923C1026D64594004A3974 /* RSServiceManager.swift in Sources */ = {isa = PBXBuildFile; fileRef = ED923C0F26D64594004A3974 /* RSServiceManager.swift */; };
		ED923C1226D6461E004A3974 /* RSConstants.swift in Sources */ = {isa = PBXBuildFile; fileRef = ED923C1126D6461E004A3974 /* RSConstants.swift */; };
		ED923C1726D8B07E004A3974 /* RSMessageHandler.swift in Sources */ = {isa = PBXBuildFile; fileRef = ED923C1626D8B07E004A3974 /* RSMessageHandler.swift */; };
		EDADFA9526BA5FDB0084F617 /* RSClient.swift in Sources */ = {isa = PBXBuildFile; fileRef = EDADFA9426BA5FDB0084F617 /* RSClient.swift */; };
		EDADFAA426BA63F60084F617 /* Rudder.h in Headers */ = {isa = PBXBuildFile; fileRef = EDADFAA226BA63F60084F617 /* Rudder.h */; settings = {ATTRIBUTES = (Public, ); }; };
		EDADFAC026BA75BB0084F617 /* RSConfig.swift in Sources */ = {isa = PBXBuildFile; fileRef = EDADFABF26BA75BB0084F617 /* RSConfig.swift */; };
		EDADFAC226BA75ED0084F617 /* RSOption.swift in Sources */ = {isa = PBXBuildFile; fileRef = EDADFAC126BA75ED0084F617 /* RSOption.swift */; };
		EDADFAC926BA86610084F617 /* RSIntegrationFactory.swift in Sources */ = {isa = PBXBuildFile; fileRef = EDADFAC826BA86610084F617 /* RSIntegrationFactory.swift */; };
		EDADFACB26BBA0530084F617 /* RSMessage.swift in Sources */ = {isa = PBXBuildFile; fileRef = EDADFACA26BBA0530084F617 /* RSMessage.swift */; };
		EDADFACD26BBA0C70084F617 /* RSContext.swift in Sources */ = {isa = PBXBuildFile; fileRef = EDADFACC26BBA0C70084F617 /* RSContext.swift */; };
		EDADFAD026BBB40F0084F617 /* API.swift in Sources */ = {isa = PBXBuildFile; fileRef = EDADFACF26BBB40F0084F617 /* API.swift */; };
		EDADFAD326BBBE4F0084F617 /* API+Headers.swift in Sources */ = {isa = PBXBuildFile; fileRef = EDADFAD226BBBE4F0084F617 /* API+Headers.swift */; };
		EDADFAD526BBBEA70084F617 /* API+Method.swift in Sources */ = {isa = PBXBuildFile; fileRef = EDADFAD426BBBEA70084F617 /* API+Method.swift */; };
		EDADFAD726BBBF790084F617 /* API+Path.swift in Sources */ = {isa = PBXBuildFile; fileRef = EDADFAD626BBBF790084F617 /* API+Path.swift */; };
		EDADFADB26BBC2EC0084F617 /* RSServiceType.swift in Sources */ = {isa = PBXBuildFile; fileRef = EDADFADA26BBC2EC0084F617 /* RSServiceType.swift */; };
		EDB576B926E8957E00626EE3 /* RSFactoryDumpManager.swift in Sources */ = {isa = PBXBuildFile; fileRef = EDB576B826E8957E00626EE3 /* RSFactoryDumpManager.swift */; };
		EDB576BB26E8BE8A00626EE3 /* RSIntegrationOperation.swift in Sources */ = {isa = PBXBuildFile; fileRef = EDB576BA26E8BE8A00626EE3 /* RSIntegrationOperation.swift */; };
		EDBEB4AC26C5011C00FD2CEF /* RSLogger.swift in Sources */ = {isa = PBXBuildFile; fileRef = EDBEB4AB26C5011C00FD2CEF /* RSLogger.swift */; };
		EDFF9CC226C25EE500B5D974 /* RSDatabaseManager.swift in Sources */ = {isa = PBXBuildFile; fileRef = EDFF9CC126C25EE500B5D974 /* RSDatabaseManager.swift */; };
		EDFF9CC426C25F6600B5D974 /* RSServerConfigManager.swift in Sources */ = {isa = PBXBuildFile; fileRef = EDFF9CC326C25F6600B5D974 /* RSServerConfigManager.swift */; };
		EDFF9CC926C279B200B5D974 /* RSLogLevel.swift in Sources */ = {isa = PBXBuildFile; fileRef = EDFF9CC826C279B200B5D974 /* RSLogLevel.swift */; };
		EDFF9CCB26C27ABF00B5D974 /* RSATT.swift in Sources */ = {isa = PBXBuildFile; fileRef = EDFF9CCA26C27ABF00B5D974 /* RSATT.swift */; };
		F60C05DF26C3F8C300DB218D /* RSMessageType.swift in Sources */ = {isa = PBXBuildFile; fileRef = F60C05DE26C3F8C300DB218D /* RSMessageType.swift */; };
		F647BACB26BD212F00C1EDB2 /* RSUtils.swift in Sources */ = {isa = PBXBuildFile; fileRef = F647BACA26BD212F00C1EDB2 /* RSUtils.swift */; };
		F647BB8626BD430D00C1EDB2 /* RSApp.swift in Sources */ = {isa = PBXBuildFile; fileRef = F647BB8526BD430D00C1EDB2 /* RSApp.swift */; };
		F647BB8826BD432400C1EDB2 /* RSLibraryInfo.swift in Sources */ = {isa = PBXBuildFile; fileRef = F647BB8726BD432400C1EDB2 /* RSLibraryInfo.swift */; };
		F647BB8A26BD433600C1EDB2 /* RSOSInfo.swift in Sources */ = {isa = PBXBuildFile; fileRef = F647BB8926BD433600C1EDB2 /* RSOSInfo.swift */; };
		F647BB8C26BD434400C1EDB2 /* RSScreenInfo.swift in Sources */ = {isa = PBXBuildFile; fileRef = F647BB8B26BD434400C1EDB2 /* RSScreenInfo.swift */; };
		F647BB8E26BD435600C1EDB2 /* RSDeviceInfo.swift in Sources */ = {isa = PBXBuildFile; fileRef = F647BB8D26BD435600C1EDB2 /* RSDeviceInfo.swift */; };
		F647BB9026BD436500C1EDB2 /* RSNetwork.swift in Sources */ = {isa = PBXBuildFile; fileRef = F647BB8F26BD436500C1EDB2 /* RSNetwork.swift */; };
		F66207F426C5238100BAB6AA /* RSTraits.swift in Sources */ = {isa = PBXBuildFile; fileRef = F66207F326C5238100BAB6AA /* RSTraits.swift */; };
/* End PBXBuildFile section */

/* Begin PBXFileReference section */
		06CABB842630C3CA0097BEFF /* Rudder.framework */ = {isa = PBXFileReference; explicitFileType = wrapper.framework; includeInIndex = 0; path = Rudder.framework; sourceTree = BUILT_PRODUCTS_DIR; };
		06CABC2E2630C6660097BEFF /* UIKit.framework */ = {isa = PBXFileReference; lastKnownFileType = wrapper.framework; name = UIKit.framework; path = Platforms/MacOSX.platform/Developer/SDKs/MacOSX11.1.sdk/System/iOSSupport/System/Library/Frameworks/UIKit.framework; sourceTree = DEVELOPER_DIR; };
		06CABC322630C6B00097BEFF /* Foundation.framework */ = {isa = PBXFileReference; lastKnownFileType = wrapper.framework; name = Foundation.framework; path = Platforms/MacOSX.platform/Developer/SDKs/MacOSX11.1.sdk/System/Library/Frameworks/Foundation.framework; sourceTree = DEVELOPER_DIR; };
		07456F1702E47AB7CDC37326 /* Pods_Rudder.framework */ = {isa = PBXFileReference; explicitFileType = wrapper.framework; includeInIndex = 0; path = Pods_Rudder.framework; sourceTree = BUILT_PRODUCTS_DIR; };
		2C6F92C046EF07137714AE79 /* Pods-Rudder.release.xcconfig */ = {isa = PBXFileReference; includeInIndex = 1; lastKnownFileType = text.xcconfig; name = "Pods-Rudder.release.xcconfig"; path = "Target Support Files/Pods-Rudder/Pods-Rudder.release.xcconfig"; sourceTree = "<group>"; };
		52B74E9835C985AD2FC16125 /* Pods-Rudder.debug.xcconfig */ = {isa = PBXFileReference; includeInIndex = 1; lastKnownFileType = text.xcconfig; name = "Pods-Rudder.debug.xcconfig"; path = "Target Support Files/Pods-Rudder/Pods-Rudder.debug.xcconfig"; sourceTree = "<group>"; };
		ED1DEAE826C667C600C09CAA /* UserDefaults+Ext.swift */ = {isa = PBXFileReference; lastKnownFileType = sourcecode.swift; path = "UserDefaults+Ext.swift"; sourceTree = "<group>"; };
		ED1DEAEE26C68D7D00C09CAA /* .swiftlint.yml */ = {isa = PBXFileReference; lastKnownFileType = text.yaml; path = .swiftlint.yml; sourceTree = "<group>"; };
		ED1DEAF126CB8C1F00C09CAA /* RSDestination.swift */ = {isa = PBXFileReference; lastKnownFileType = sourcecode.swift; path = RSDestination.swift; sourceTree = "<group>"; };
		ED1DEAF326CB8C9000C09CAA /* RSDestinationDefinition.swift */ = {isa = PBXFileReference; lastKnownFileType = sourcecode.swift; path = RSDestinationDefinition.swift; sourceTree = "<group>"; };
		ED1DEAF526CB909900C09CAA /* RSUserDefaults.swift */ = {isa = PBXFileReference; lastKnownFileType = sourcecode.swift; path = RSUserDefaults.swift; sourceTree = "<group>"; };
		ED6EED8026B1081700C66C21 /* Podfile */ = {isa = PBXFileReference; fileEncoding = 4; lastKnownFileType = text; name = Podfile; path = ../Podfile; sourceTree = "<group>"; xcLanguageSpecificationIdentifier = xcode.lang.ruby; };
		ED923BED26CE2CE2004A3974 /* RSServerConfig.swift */ = {isa = PBXFileReference; lastKnownFileType = sourcecode.swift; path = RSServerConfig.swift; sourceTree = "<group>"; };
		ED923BEF26CE3DF8004A3974 /* RSDestinationConfig.swift */ = {isa = PBXFileReference; lastKnownFileType = sourcecode.swift; path = RSDestinationConfig.swift; sourceTree = "<group>"; };
		ED923BF126CE5B20004A3974 /* RSErrorCode.swift */ = {isa = PBXFileReference; lastKnownFileType = sourcecode.swift; path = RSErrorCode.swift; sourceTree = "<group>"; };
		ED923BF326CE61F7004A3974 /* NSError+Ext.swift */ = {isa = PBXFileReference; lastKnownFileType = sourcecode.swift; path = "NSError+Ext.swift"; sourceTree = "<group>"; };
		ED923BF526CF88A4004A3974 /* RSEventManager.swift */ = {isa = PBXFileReference; fileEncoding = 4; lastKnownFileType = sourcecode.swift; path = RSEventManager.swift; sourceTree = "<group>"; };
		ED923BF826D372C7004A3974 /* RSAppLifeCycleTrackingManager.swift */ = {isa = PBXFileReference; lastKnownFileType = sourcecode.swift; path = RSAppLifeCycleTrackingManager.swift; sourceTree = "<group>"; };
		ED923BFA26D373F8004A3974 /* RSScreenTrackingManager.swift */ = {isa = PBXFileReference; lastKnownFileType = sourcecode.swift; path = RSScreenTrackingManager.swift; sourceTree = "<group>"; };
		ED923BFC26D37546004A3974 /* RSProcessorManager.swift */ = {isa = PBXFileReference; lastKnownFileType = sourcecode.swift; path = RSProcessorManager.swift; sourceTree = "<group>"; };
		ED923BFE26D37588004A3974 /* RSFactoryManager.swift */ = {isa = PBXFileReference; lastKnownFileType = sourcecode.swift; path = RSFactoryManager.swift; sourceTree = "<group>"; };
		ED923C0026D375AF004A3974 /* RSCustomFactoryManager.swift */ = {isa = PBXFileReference; lastKnownFileType = sourcecode.swift; path = RSCustomFactoryManager.swift; sourceTree = "<group>"; };
		ED923C0226D37BA1004A3974 /* RSTrackingManager.swift */ = {isa = PBXFileReference; lastKnownFileType = sourcecode.swift; path = RSTrackingManager.swift; sourceTree = "<group>"; };
		ED923C0626D3D055004A3974 /* RSIntegration.swift */ = {isa = PBXFileReference; lastKnownFileType = sourcecode.swift; path = RSIntegration.swift; sourceTree = "<group>"; };
		ED923C0B26D63ECA004A3974 /* RSReplayMessageManager.swift */ = {isa = PBXFileReference; lastKnownFileType = sourcecode.swift; path = RSReplayMessageManager.swift; sourceTree = "<group>"; };
		ED923C0D26D63EEA004A3974 /* RSBaseManager.swift */ = {isa = PBXFileReference; lastKnownFileType = sourcecode.swift; path = RSBaseManager.swift; sourceTree = "<group>"; };
		ED923C0F26D64594004A3974 /* RSServiceManager.swift */ = {isa = PBXFileReference; fileEncoding = 4; lastKnownFileType = sourcecode.swift; path = RSServiceManager.swift; sourceTree = "<group>"; };
		ED923C1126D6461E004A3974 /* RSConstants.swift */ = {isa = PBXFileReference; fileEncoding = 4; lastKnownFileType = sourcecode.swift; path = RSConstants.swift; sourceTree = "<group>"; };
		ED923C1626D8B07E004A3974 /* RSMessageHandler.swift */ = {isa = PBXFileReference; lastKnownFileType = sourcecode.swift; path = RSMessageHandler.swift; sourceTree = "<group>"; };
		EDADFA9426BA5FDB0084F617 /* RSClient.swift */ = {isa = PBXFileReference; lastKnownFileType = sourcecode.swift; path = RSClient.swift; sourceTree = "<group>"; };
		EDADFA9626BA62BF0084F617 /* release.sh */ = {isa = PBXFileReference; fileEncoding = 4; lastKnownFileType = text.script.sh; name = release.sh; path = ../release.sh; sourceTree = "<group>"; };
		EDADFA9726BA62BF0084F617 /* CHANGELOG.md */ = {isa = PBXFileReference; fileEncoding = 4; lastKnownFileType = net.daringfireball.markdown; name = CHANGELOG.md; path = ../CHANGELOG.md; sourceTree = "<group>"; };
		EDADFA9826BA62BF0084F617 /* LICENSE */ = {isa = PBXFileReference; fileEncoding = 4; lastKnownFileType = text; name = LICENSE; path = ../LICENSE; sourceTree = "<group>"; };
		EDADFA9926BA62BF0084F617 /* README.md */ = {isa = PBXFileReference; fileEncoding = 4; lastKnownFileType = net.daringfireball.markdown; name = README.md; path = ../README.md; sourceTree = "<group>"; };
		EDADFAA226BA63F60084F617 /* Rudder.h */ = {isa = PBXFileReference; fileEncoding = 4; lastKnownFileType = sourcecode.c.h; path = Rudder.h; sourceTree = "<group>"; };
		EDADFAA326BA63F60084F617 /* Info.plist */ = {isa = PBXFileReference; fileEncoding = 4; lastKnownFileType = text.plist.xml; path = Info.plist; sourceTree = "<group>"; };
		EDADFABB26BA73960084F617 /* Rudder.podspec */ = {isa = PBXFileReference; lastKnownFileType = text; path = Rudder.podspec; sourceTree = SOURCE_ROOT; xcLanguageSpecificationIdentifier = xcode.lang.ruby; };
		EDADFABF26BA75BB0084F617 /* RSConfig.swift */ = {isa = PBXFileReference; lastKnownFileType = sourcecode.swift; path = RSConfig.swift; sourceTree = "<group>"; };
		EDADFAC126BA75ED0084F617 /* RSOption.swift */ = {isa = PBXFileReference; lastKnownFileType = sourcecode.swift; path = RSOption.swift; sourceTree = "<group>"; };
		EDADFAC826BA86610084F617 /* RSIntegrationFactory.swift */ = {isa = PBXFileReference; lastKnownFileType = sourcecode.swift; path = RSIntegrationFactory.swift; sourceTree = "<group>"; };
		EDADFACA26BBA0530084F617 /* RSMessage.swift */ = {isa = PBXFileReference; lastKnownFileType = sourcecode.swift; path = RSMessage.swift; sourceTree = "<group>"; };
		EDADFACC26BBA0C70084F617 /* RSContext.swift */ = {isa = PBXFileReference; lastKnownFileType = sourcecode.swift; path = RSContext.swift; sourceTree = "<group>"; };
		EDADFACF26BBB40F0084F617 /* API.swift */ = {isa = PBXFileReference; lastKnownFileType = sourcecode.swift; path = API.swift; sourceTree = "<group>"; };
		EDADFAD226BBBE4F0084F617 /* API+Headers.swift */ = {isa = PBXFileReference; lastKnownFileType = sourcecode.swift; path = "API+Headers.swift"; sourceTree = "<group>"; };
		EDADFAD426BBBEA70084F617 /* API+Method.swift */ = {isa = PBXFileReference; lastKnownFileType = sourcecode.swift; path = "API+Method.swift"; sourceTree = "<group>"; };
		EDADFAD626BBBF790084F617 /* API+Path.swift */ = {isa = PBXFileReference; lastKnownFileType = sourcecode.swift; path = "API+Path.swift"; sourceTree = "<group>"; };
		EDADFADA26BBC2EC0084F617 /* RSServiceType.swift */ = {isa = PBXFileReference; lastKnownFileType = sourcecode.swift; path = RSServiceType.swift; sourceTree = "<group>"; };
		EDB576B826E8957E00626EE3 /* RSFactoryDumpManager.swift */ = {isa = PBXFileReference; lastKnownFileType = sourcecode.swift; path = RSFactoryDumpManager.swift; sourceTree = "<group>"; };
		EDB576BA26E8BE8A00626EE3 /* RSIntegrationOperation.swift */ = {isa = PBXFileReference; lastKnownFileType = sourcecode.swift; path = RSIntegrationOperation.swift; sourceTree = "<group>"; };
		EDBEB4AB26C5011C00FD2CEF /* RSLogger.swift */ = {isa = PBXFileReference; lastKnownFileType = sourcecode.swift; path = RSLogger.swift; sourceTree = "<group>"; };
		EDFF9CC126C25EE500B5D974 /* RSDatabaseManager.swift */ = {isa = PBXFileReference; lastKnownFileType = sourcecode.swift; path = RSDatabaseManager.swift; sourceTree = "<group>"; };
		EDFF9CC326C25F6600B5D974 /* RSServerConfigManager.swift */ = {isa = PBXFileReference; lastKnownFileType = sourcecode.swift; path = RSServerConfigManager.swift; sourceTree = "<group>"; };
		EDFF9CC826C279B200B5D974 /* RSLogLevel.swift */ = {isa = PBXFileReference; lastKnownFileType = sourcecode.swift; path = RSLogLevel.swift; sourceTree = "<group>"; };
		EDFF9CCA26C27ABF00B5D974 /* RSATT.swift */ = {isa = PBXFileReference; lastKnownFileType = sourcecode.swift; path = RSATT.swift; sourceTree = "<group>"; };
		F60C05DE26C3F8C300DB218D /* RSMessageType.swift */ = {isa = PBXFileReference; lastKnownFileType = sourcecode.swift; path = RSMessageType.swift; sourceTree = "<group>"; };
		F647BACA26BD212F00C1EDB2 /* RSUtils.swift */ = {isa = PBXFileReference; lastKnownFileType = sourcecode.swift; path = RSUtils.swift; sourceTree = "<group>"; };
		F647BB8526BD430D00C1EDB2 /* RSApp.swift */ = {isa = PBXFileReference; lastKnownFileType = sourcecode.swift; path = RSApp.swift; sourceTree = "<group>"; };
		F647BB8726BD432400C1EDB2 /* RSLibraryInfo.swift */ = {isa = PBXFileReference; lastKnownFileType = sourcecode.swift; path = RSLibraryInfo.swift; sourceTree = "<group>"; };
		F647BB8926BD433600C1EDB2 /* RSOSInfo.swift */ = {isa = PBXFileReference; lastKnownFileType = sourcecode.swift; path = RSOSInfo.swift; sourceTree = "<group>"; };
		F647BB8B26BD434400C1EDB2 /* RSScreenInfo.swift */ = {isa = PBXFileReference; lastKnownFileType = sourcecode.swift; path = RSScreenInfo.swift; sourceTree = "<group>"; };
		F647BB8D26BD435600C1EDB2 /* RSDeviceInfo.swift */ = {isa = PBXFileReference; lastKnownFileType = sourcecode.swift; path = RSDeviceInfo.swift; sourceTree = "<group>"; };
		F647BB8F26BD436500C1EDB2 /* RSNetwork.swift */ = {isa = PBXFileReference; lastKnownFileType = sourcecode.swift; path = RSNetwork.swift; sourceTree = "<group>"; };
		F66207F326C5238100BAB6AA /* RSTraits.swift */ = {isa = PBXFileReference; lastKnownFileType = sourcecode.swift; path = RSTraits.swift; sourceTree = "<group>"; };
/* End PBXFileReference section */

/* Begin PBXFrameworksBuildPhase section */
		06CABB812630C3CA0097BEFF /* Frameworks */ = {
			isa = PBXFrameworksBuildPhase;
			buildActionMask = 2147483647;
			files = (
				06CABC332630C6B00097BEFF /* Foundation.framework in Frameworks */,
				06CABC352630C6D30097BEFF /* UIKit.framework in Frameworks */,
				78A9992A1FF30546EB75AF9A /* Pods_Rudder.framework in Frameworks */,
			);
			runOnlyForDeploymentPostprocessing = 0;
		};
/* End PBXFrameworksBuildPhase section */

/* Begin PBXGroup section */
		06CABB7A2630C3CA0097BEFF = {
			isa = PBXGroup;
			children = (
				ED1DEAEE26C68D7D00C09CAA /* .swiftlint.yml */,
				EDADFA9726BA62BF0084F617 /* CHANGELOG.md */,
				EDADFA9826BA62BF0084F617 /* LICENSE */,
				EDADFA9926BA62BF0084F617 /* README.md */,
				EDADFA9626BA62BF0084F617 /* release.sh */,
				ED6EED8026B1081700C66C21 /* Podfile */,
				06CABB862630C3CA0097BEFF /* Rudder */,
				06CABB852630C3CA0097BEFF /* Products */,
				06CABC2D2630C6660097BEFF /* Frameworks */,
				21A2A68474FB0C98C18DCB46 /* Pods */,
			);
			sourceTree = "<group>";
		};
		06CABB852630C3CA0097BEFF /* Products */ = {
			isa = PBXGroup;
			children = (
				06CABB842630C3CA0097BEFF /* Rudder.framework */,
			);
			name = Products;
			sourceTree = "<group>";
		};
		06CABB862630C3CA0097BEFF /* Rudder */ = {
			isa = PBXGroup;
			children = (
				EDADFABB26BA73960084F617 /* Rudder.podspec */,
				EDADFAC326BA79FE0084F617 /* Common */,
				EDADFABD26BA75950084F617 /* Domain */,
				EDBEB4AA26C5010900FD2CEF /* Helpers */,
				EDADFA9E26BA63890084F617 /* Managers */,
				EDADFACE26BBB3F20084F617 /* Networking */,
				EDADFAA126BA63F60084F617 /* SDKInfo */,
			);
			path = Rudder;
			sourceTree = "<group>";
		};
		06CABC2D2630C6660097BEFF /* Frameworks */ = {
			isa = PBXGroup;
			children = (
				06CABC322630C6B00097BEFF /* Foundation.framework */,
				06CABC2E2630C6660097BEFF /* UIKit.framework */,
				07456F1702E47AB7CDC37326 /* Pods_Rudder.framework */,
			);
			name = Frameworks;
			sourceTree = "<group>";
		};
		21A2A68474FB0C98C18DCB46 /* Pods */ = {
			isa = PBXGroup;
			children = (
				52B74E9835C985AD2FC16125 /* Pods-Rudder.debug.xcconfig */,
				2C6F92C046EF07137714AE79 /* Pods-Rudder.release.xcconfig */,
			);
			name = Pods;
			path = ../Pods;
			sourceTree = "<group>";
		};
		ED1DEAE526C6417500C09CAA /* Utility */ = {
			isa = PBXGroup;
			children = (
				F647BACA26BD212F00C1EDB2 /* RSUtils.swift */,
			);
			path = Utility;
			sourceTree = "<group>";
		};
		ED1DEAE726C667AD00C09CAA /* Extensions */ = {
			isa = PBXGroup;
			children = (
				ED923BF326CE61F7004A3974 /* NSError+Ext.swift */,
				ED1DEAE826C667C600C09CAA /* UserDefaults+Ext.swift */,
			);
			path = Extensions;
			sourceTree = "<group>";
		};
		ED923C0826D4AF7E004A3974 /* Attributes */ = {
			isa = PBXGroup;
			children = (
				ED1DEAF126CB8C1F00C09CAA /* RSDestination.swift */,
				ED923BEF26CE3DF8004A3974 /* RSDestinationConfig.swift */,
				ED1DEAF326CB8C9000C09CAA /* RSDestinationDefinition.swift */,
				ED923BED26CE2CE2004A3974 /* RSServerConfig.swift */,
			);
			path = Attributes;
			sourceTree = "<group>";
		};
		EDADFA9E26BA63890084F617 /* Managers */ = {
			isa = PBXGroup;
			children = (
				ED923BF826D372C7004A3974 /* RSAppLifeCycleTrackingManager.swift */,
				EDADFA9426BA5FDB0084F617 /* RSClient.swift */,
				ED923C0026D375AF004A3974 /* RSCustomFactoryManager.swift */,
				EDFF9CC126C25EE500B5D974 /* RSDatabaseManager.swift */,
				ED923BF526CF88A4004A3974 /* RSEventManager.swift */,
				EDB576B826E8957E00626EE3 /* RSFactoryDumpManager.swift */,
				ED923BFE26D37588004A3974 /* RSFactoryManager.swift */,
				ED923C1626D8B07E004A3974 /* RSMessageHandler.swift */,
				ED923BFC26D37546004A3974 /* RSProcessorManager.swift */,
				ED923C0B26D63ECA004A3974 /* RSReplayMessageManager.swift */,
				ED923BFA26D373F8004A3974 /* RSScreenTrackingManager.swift */,
				EDFF9CC326C25F6600B5D974 /* RSServerConfigManager.swift */,
			);
			path = Managers;
			sourceTree = "<group>";
		};
		EDADFAA126BA63F60084F617 /* SDKInfo */ = {
			isa = PBXGroup;
			children = (
				EDADFAA226BA63F60084F617 /* Rudder.h */,
				EDADFAA326BA63F60084F617 /* Info.plist */,
			);
			path = SDKInfo;
			sourceTree = "<group>";
		};
		EDADFABD26BA75950084F617 /* Domain */ = {
			isa = PBXGroup;
			children = (
				EDFF9CC726C2791800B5D974 /* Enums */,
				EDADFABE26BA759C0084F617 /* Models */,
				EDADFAC726BA86420084F617 /* Protocols */,
			);
			path = Domain;
			sourceTree = "<group>";
		};
		EDADFABE26BA759C0084F617 /* Models */ = {
			isa = PBXGroup;
			children = (
				ED923C0826D4AF7E004A3974 /* Attributes */,
				F647BB8526BD430D00C1EDB2 /* RSApp.swift */,
				EDADFABF26BA75BB0084F617 /* RSConfig.swift */,
				EDADFACC26BBA0C70084F617 /* RSContext.swift */,
				F647BB8D26BD435600C1EDB2 /* RSDeviceInfo.swift */,
				F647BB8726BD432400C1EDB2 /* RSLibraryInfo.swift */,
				EDADFACA26BBA0530084F617 /* RSMessage.swift */,
				F647BB8F26BD436500C1EDB2 /* RSNetwork.swift */,
				EDADFAC126BA75ED0084F617 /* RSOption.swift */,
				F647BB8926BD433600C1EDB2 /* RSOSInfo.swift */,
				F647BB8B26BD434400C1EDB2 /* RSScreenInfo.swift */,
				F66207F326C5238100BAB6AA /* RSTraits.swift */,
				EDB576BA26E8BE8A00626EE3 /* RSIntegrationOperation.swift */,
			);
			path = Models;
			sourceTree = "<group>";
		};
		EDADFAC326BA79FE0084F617 /* Common */ = {
			isa = PBXGroup;
			children = (
				EDADFAC426BA7A1B0084F617 /* Constants */,
				ED1DEAE726C667AD00C09CAA /* Extensions */,
				ED1DEAE526C6417500C09CAA /* Utility */,
			);
			path = Common;
			sourceTree = "<group>";
		};
		EDADFAC426BA7A1B0084F617 /* Constants */ = {
			isa = PBXGroup;
			children = (
				ED923C1126D6461E004A3974 /* RSConstants.swift */,
				ED1DEAF526CB909900C09CAA /* RSUserDefaults.swift */,
			);
			path = Constants;
			sourceTree = "<group>";
		};
		EDADFAC726BA86420084F617 /* Protocols */ = {
			isa = PBXGroup;
			children = (
				ED923C0D26D63EEA004A3974 /* RSBaseManager.swift */,
				ED923C0626D3D055004A3974 /* RSIntegration.swift */,
				EDADFAC826BA86610084F617 /* RSIntegrationFactory.swift */,
				ED923C0226D37BA1004A3974 /* RSTrackingManager.swift */,
				EDADFADA26BBC2EC0084F617 /* RSServiceType.swift */,
			);
			path = Protocols;
			sourceTree = "<group>";
		};
		EDADFACE26BBB3F20084F617 /* Networking */ = {
			isa = PBXGroup;
			children = (
				EDADFAD126BBBE340084F617 /* APIClient */,
			);
			path = Networking;
			sourceTree = "<group>";
		};
		EDADFAD126BBBE340084F617 /* APIClient */ = {
			isa = PBXGroup;
			children = (
				EDADFACF26BBB40F0084F617 /* API.swift */,
				EDADFAD226BBBE4F0084F617 /* API+Headers.swift */,
				EDADFAD426BBBEA70084F617 /* API+Method.swift */,
				EDADFAD626BBBF790084F617 /* API+Path.swift */,
				ED923C0F26D64594004A3974 /* RSServiceManager.swift */,
			);
			path = APIClient;
			sourceTree = "<group>";
		};
		EDBEB4AA26C5010900FD2CEF /* Helpers */ = {
			isa = PBXGroup;
			children = (
				EDBEB4AB26C5011C00FD2CEF /* RSLogger.swift */,
			);
			path = Helpers;
			sourceTree = "<group>";
		};
		EDFF9CC726C2791800B5D974 /* Enums */ = {
			isa = PBXGroup;
			children = (
				EDFF9CCA26C27ABF00B5D974 /* RSATT.swift */,
				EDFF9CC826C279B200B5D974 /* RSLogLevel.swift */,
				F60C05DE26C3F8C300DB218D /* RSMessageType.swift */,
				ED923BF126CE5B20004A3974 /* RSErrorCode.swift */,
			);
			path = Enums;
			sourceTree = "<group>";
		};
/* End PBXGroup section */

/* Begin PBXHeadersBuildPhase section */
		06CABB7F2630C3CA0097BEFF /* Headers */ = {
			isa = PBXHeadersBuildPhase;
			buildActionMask = 2147483647;
			files = (
				EDADFAA426BA63F60084F617 /* Rudder.h in Headers */,
			);
			runOnlyForDeploymentPostprocessing = 0;
		};
/* End PBXHeadersBuildPhase section */

/* Begin PBXNativeTarget section */
		06CABB832630C3CA0097BEFF /* Rudder */ = {
			isa = PBXNativeTarget;
			buildConfigurationList = 06CABB982630C3CA0097BEFF /* Build configuration list for PBXNativeTarget "Rudder" */;
			buildPhases = (
				D45D5114BCE2221C071F81F3 /* [CP] Check Pods Manifest.lock */,
				06CABB7F2630C3CA0097BEFF /* Headers */,
				06CABB802630C3CA0097BEFF /* Sources */,
				06CABB812630C3CA0097BEFF /* Frameworks */,
				06CABB822630C3CA0097BEFF /* Resources */,
				ED1DEAE626C6463000C09CAA /* SwiftLint Script */,
			);
			buildRules = (
			);
			dependencies = (
			);
			name = Rudder;
			productName = Rudder;
			productReference = 06CABB842630C3CA0097BEFF /* Rudder.framework */;
			productType = "com.apple.product-type.framework";
		};
/* End PBXNativeTarget section */

/* Begin PBXProject section */
		06CABB7B2630C3CA0097BEFF /* Project object */ = {
			isa = PBXProject;
			attributes = {
				CLASSPREFIX = RS;
				LastUpgradeCheck = 1250;
				ORGANIZATIONNAME = "Rudder Labs India Pvt Ltd.";
				TargetAttributes = {
					06CABB832630C3CA0097BEFF = {
						CreatedOnToolsVersion = 12.3;
						LastSwiftMigration = 1250;
					};
				};
			};
			buildConfigurationList = 06CABB7E2630C3CA0097BEFF /* Build configuration list for PBXProject "Rudder" */;
			compatibilityVersion = "Xcode 9.3";
			developmentRegion = en;
			hasScannedForEncodings = 0;
			knownRegions = (
				en,
				Base,
			);
			mainGroup = 06CABB7A2630C3CA0097BEFF;
			productRefGroup = 06CABB852630C3CA0097BEFF /* Products */;
			projectDirPath = "";
			projectRoot = "";
			targets = (
				06CABB832630C3CA0097BEFF /* Rudder */,
			);
		};
/* End PBXProject section */

/* Begin PBXResourcesBuildPhase section */
		06CABB822630C3CA0097BEFF /* Resources */ = {
			isa = PBXResourcesBuildPhase;
			buildActionMask = 2147483647;
			files = (
			);
			runOnlyForDeploymentPostprocessing = 0;
		};
/* End PBXResourcesBuildPhase section */

/* Begin PBXShellScriptBuildPhase section */
		D45D5114BCE2221C071F81F3 /* [CP] Check Pods Manifest.lock */ = {
			isa = PBXShellScriptBuildPhase;
			buildActionMask = 2147483647;
			files = (
			);
			inputFileListPaths = (
			);
			inputPaths = (
				"${PODS_PODFILE_DIR_PATH}/Podfile.lock",
				"${PODS_ROOT}/Manifest.lock",
			);
			name = "[CP] Check Pods Manifest.lock";
			outputFileListPaths = (
			);
			outputPaths = (
				"$(DERIVED_FILE_DIR)/Pods-Rudder-checkManifestLockResult.txt",
			);
			runOnlyForDeploymentPostprocessing = 0;
			shellPath = /bin/sh;
			shellScript = "diff \"${PODS_PODFILE_DIR_PATH}/Podfile.lock\" \"${PODS_ROOT}/Manifest.lock\" > /dev/null\nif [ $? != 0 ] ; then\n    # print error to STDERR\n    echo \"error: The sandbox is not in sync with the Podfile.lock. Run 'pod install' or update your CocoaPods installation.\" >&2\n    exit 1\nfi\n# This output is used by Xcode 'outputs' to avoid re-running this script phase.\necho \"SUCCESS\" > \"${SCRIPT_OUTPUT_FILE_0}\"\n";
			showEnvVarsInLog = 0;
		};
		ED1DEAE626C6463000C09CAA /* SwiftLint Script */ = {
			isa = PBXShellScriptBuildPhase;
			buildActionMask = 2147483647;
			files = (
			);
			inputFileListPaths = (
			);
			inputPaths = (
			);
			name = "SwiftLint Script";
			outputFileListPaths = (
			);
			outputPaths = (
			);
			runOnlyForDeploymentPostprocessing = 0;
			shellPath = /bin/sh;
			shellScript = "if which swiftlint >/dev/null; then\n  swiftlint\nelse\n  echo \"warning: SwiftLint not installed, download from https://github.com/realm/SwiftLint\"\nfi\n";
		};
/* End PBXShellScriptBuildPhase section */

/* Begin PBXSourcesBuildPhase section */
		06CABB802630C3CA0097BEFF /* Sources */ = {
			isa = PBXSourcesBuildPhase;
			buildActionMask = 2147483647;
			files = (
				ED923C1726D8B07E004A3974 /* RSMessageHandler.swift in Sources */,
				F647BB8626BD430D00C1EDB2 /* RSApp.swift in Sources */,
				ED923BF626CF88A4004A3974 /* RSEventManager.swift in Sources */,
				F647BB8E26BD435600C1EDB2 /* RSDeviceInfo.swift in Sources */,
				EDADFACB26BBA0530084F617 /* RSMessage.swift in Sources */,
				EDFF9CCB26C27ABF00B5D974 /* RSATT.swift in Sources */,
				ED923C0C26D63ECA004A3974 /* RSReplayMessageManager.swift in Sources */,
				ED1DEAE926C667C600C09CAA /* UserDefaults+Ext.swift in Sources */,
				EDADFAC226BA75ED0084F617 /* RSOption.swift in Sources */,
				EDFF9CC426C25F6600B5D974 /* RSServerConfigManager.swift in Sources */,
				EDADFAC026BA75BB0084F617 /* RSConfig.swift in Sources */,
				EDFF9CC926C279B200B5D974 /* RSLogLevel.swift in Sources */,
				F647BB9026BD436500C1EDB2 /* RSNetwork.swift in Sources */,
				F647BB8826BD432400C1EDB2 /* RSLibraryInfo.swift in Sources */,
				ED923BEE26CE2CE2004A3974 /* RSServerConfig.swift in Sources */,
				ED923C0E26D63EEA004A3974 /* RSBaseManager.swift in Sources */,
				ED923BF426CE61F7004A3974 /* NSError+Ext.swift in Sources */,
				EDB576BB26E8BE8A00626EE3 /* RSIntegrationOperation.swift in Sources */,
				F647BACB26BD212F00C1EDB2 /* RSUtils.swift in Sources */,
				EDADFAD526BBBEA70084F617 /* API+Method.swift in Sources */,
				EDADFADB26BBC2EC0084F617 /* RSServiceType.swift in Sources */,
				ED923BF026CE3DF8004A3974 /* RSDestinationConfig.swift in Sources */,
				ED923C1226D6461E004A3974 /* RSConstants.swift in Sources */,
				ED1DEAF626CB909900C09CAA /* RSUserDefaults.swift in Sources */,
				ED923BFD26D37546004A3974 /* RSProcessorManager.swift in Sources */,
				EDB576B926E8957E00626EE3 /* RSFactoryDumpManager.swift in Sources */,
				EDADFAC926BA86610084F617 /* RSIntegrationFactory.swift in Sources */,
				EDADFA9526BA5FDB0084F617 /* RSClient.swift in Sources */,
				ED923C0326D37BA1004A3974 /* RSTrackingManager.swift in Sources */,
				ED1DEAF226CB8C1F00C09CAA /* RSDestination.swift in Sources */,
				ED923BF226CE5B20004A3974 /* RSErrorCode.swift in Sources */,
				ED923BFF26D37588004A3974 /* RSFactoryManager.swift in Sources */,
				ED923C0726D3D055004A3974 /* RSIntegration.swift in Sources */,
				EDFF9CC226C25EE500B5D974 /* RSDatabaseManager.swift in Sources */,
				F60C05DF26C3F8C300DB218D /* RSMessageType.swift in Sources */,
				F647BB8A26BD433600C1EDB2 /* RSOSInfo.swift in Sources */,
				ED923C1026D64594004A3974 /* RSServiceManager.swift in Sources */,
				EDADFAD326BBBE4F0084F617 /* API+Headers.swift in Sources */,
				EDADFAD026BBB40F0084F617 /* API.swift in Sources */,
				EDADFAD726BBBF790084F617 /* API+Path.swift in Sources */,
				ED923BF926D372C7004A3974 /* RSAppLifeCycleTrackingManager.swift in Sources */,
				EDBEB4AC26C5011C00FD2CEF /* RSLogger.swift in Sources */,
				ED923BFB26D373F8004A3974 /* RSScreenTrackingManager.swift in Sources */,
				ED923C0126D375AF004A3974 /* RSCustomFactoryManager.swift in Sources */,
				EDADFACD26BBA0C70084F617 /* RSContext.swift in Sources */,
				F647BB8C26BD434400C1EDB2 /* RSScreenInfo.swift in Sources */,
				F66207F426C5238100BAB6AA /* RSTraits.swift in Sources */,
				ED1DEAF426CB8C9000C09CAA /* RSDestinationDefinition.swift in Sources */,
			);
			runOnlyForDeploymentPostprocessing = 0;
		};
/* End PBXSourcesBuildPhase section */

/* Begin XCBuildConfiguration section */
		06CABB962630C3CA0097BEFF /* Debug */ = {
			isa = XCBuildConfiguration;
			buildSettings = {
				ALWAYS_SEARCH_USER_PATHS = NO;
				CLANG_ANALYZER_NONNULL = YES;
				CLANG_ANALYZER_NUMBER_OBJECT_CONVERSION = YES_AGGRESSIVE;
				CLANG_CXX_LANGUAGE_STANDARD = "gnu++14";
				CLANG_CXX_LIBRARY = "libc++";
				CLANG_ENABLE_MODULES = YES;
				CLANG_ENABLE_OBJC_ARC = YES;
				CLANG_ENABLE_OBJC_WEAK = YES;
				CLANG_WARN_BLOCK_CAPTURE_AUTORELEASING = YES;
				CLANG_WARN_BOOL_CONVERSION = YES;
				CLANG_WARN_COMMA = YES;
				CLANG_WARN_CONSTANT_CONVERSION = YES;
				CLANG_WARN_DEPRECATED_OBJC_IMPLEMENTATIONS = YES;
				CLANG_WARN_DIRECT_OBJC_ISA_USAGE = YES_ERROR;
				CLANG_WARN_DOCUMENTATION_COMMENTS = YES;
				CLANG_WARN_EMPTY_BODY = YES;
				CLANG_WARN_ENUM_CONVERSION = YES;
				CLANG_WARN_INFINITE_RECURSION = YES;
				CLANG_WARN_INT_CONVERSION = YES;
				CLANG_WARN_NON_LITERAL_NULL_CONVERSION = YES;
				CLANG_WARN_OBJC_IMPLICIT_RETAIN_SELF = YES;
				CLANG_WARN_OBJC_LITERAL_CONVERSION = YES;
				CLANG_WARN_OBJC_ROOT_CLASS = YES_ERROR;
				CLANG_WARN_QUOTED_INCLUDE_IN_FRAMEWORK_HEADER = YES;
				CLANG_WARN_RANGE_LOOP_ANALYSIS = YES;
				CLANG_WARN_STRICT_PROTOTYPES = YES;
				CLANG_WARN_SUSPICIOUS_MOVE = YES;
				CLANG_WARN_UNGUARDED_AVAILABILITY = YES_AGGRESSIVE;
				CLANG_WARN_UNREACHABLE_CODE = YES;
				CLANG_WARN__DUPLICATE_METHOD_MATCH = YES;
				COPY_PHASE_STRIP = NO;
				CURRENT_PROJECT_VERSION = 1;
				DEBUG_INFORMATION_FORMAT = dwarf;
				ENABLE_STRICT_OBJC_MSGSEND = YES;
				ENABLE_TESTABILITY = YES;
				GCC_C_LANGUAGE_STANDARD = gnu11;
				GCC_DYNAMIC_NO_PIC = NO;
				GCC_NO_COMMON_BLOCKS = YES;
				GCC_OPTIMIZATION_LEVEL = 0;
				GCC_PREPROCESSOR_DEFINITIONS = (
					"DEBUG=1",
					"$(inherited)",
				);
				GCC_WARN_64_TO_32_BIT_CONVERSION = YES;
				GCC_WARN_ABOUT_RETURN_TYPE = YES_ERROR;
				GCC_WARN_UNDECLARED_SELECTOR = YES;
				GCC_WARN_UNINITIALIZED_AUTOS = YES_AGGRESSIVE;
				GCC_WARN_UNUSED_FUNCTION = YES;
				GCC_WARN_UNUSED_VARIABLE = YES;
				IPHONEOS_DEPLOYMENT_TARGET = 14.3;
				MTL_ENABLE_DEBUG_INFO = INCLUDE_SOURCE;
				MTL_FAST_MATH = YES;
				ONLY_ACTIVE_ARCH = YES;
				SDKROOT = iphoneos;
				VERSIONING_SYSTEM = "apple-generic";
				VERSION_INFO_PREFIX = "";
			};
			name = Debug;
		};
		06CABB972630C3CA0097BEFF /* Release */ = {
			isa = XCBuildConfiguration;
			buildSettings = {
				ALWAYS_SEARCH_USER_PATHS = NO;
				CLANG_ANALYZER_NONNULL = YES;
				CLANG_ANALYZER_NUMBER_OBJECT_CONVERSION = YES_AGGRESSIVE;
				CLANG_CXX_LANGUAGE_STANDARD = "gnu++14";
				CLANG_CXX_LIBRARY = "libc++";
				CLANG_ENABLE_MODULES = YES;
				CLANG_ENABLE_OBJC_ARC = YES;
				CLANG_ENABLE_OBJC_WEAK = YES;
				CLANG_WARN_BLOCK_CAPTURE_AUTORELEASING = YES;
				CLANG_WARN_BOOL_CONVERSION = YES;
				CLANG_WARN_COMMA = YES;
				CLANG_WARN_CONSTANT_CONVERSION = YES;
				CLANG_WARN_DEPRECATED_OBJC_IMPLEMENTATIONS = YES;
				CLANG_WARN_DIRECT_OBJC_ISA_USAGE = YES_ERROR;
				CLANG_WARN_DOCUMENTATION_COMMENTS = YES;
				CLANG_WARN_EMPTY_BODY = YES;
				CLANG_WARN_ENUM_CONVERSION = YES;
				CLANG_WARN_INFINITE_RECURSION = YES;
				CLANG_WARN_INT_CONVERSION = YES;
				CLANG_WARN_NON_LITERAL_NULL_CONVERSION = YES;
				CLANG_WARN_OBJC_IMPLICIT_RETAIN_SELF = YES;
				CLANG_WARN_OBJC_LITERAL_CONVERSION = YES;
				CLANG_WARN_OBJC_ROOT_CLASS = YES_ERROR;
				CLANG_WARN_QUOTED_INCLUDE_IN_FRAMEWORK_HEADER = YES;
				CLANG_WARN_RANGE_LOOP_ANALYSIS = YES;
				CLANG_WARN_STRICT_PROTOTYPES = YES;
				CLANG_WARN_SUSPICIOUS_MOVE = YES;
				CLANG_WARN_UNGUARDED_AVAILABILITY = YES_AGGRESSIVE;
				CLANG_WARN_UNREACHABLE_CODE = YES;
				CLANG_WARN__DUPLICATE_METHOD_MATCH = YES;
				COPY_PHASE_STRIP = NO;
				CURRENT_PROJECT_VERSION = 1;
				DEBUG_INFORMATION_FORMAT = "dwarf-with-dsym";
				ENABLE_NS_ASSERTIONS = NO;
				ENABLE_STRICT_OBJC_MSGSEND = YES;
				GCC_C_LANGUAGE_STANDARD = gnu11;
				GCC_NO_COMMON_BLOCKS = YES;
				GCC_WARN_64_TO_32_BIT_CONVERSION = YES;
				GCC_WARN_ABOUT_RETURN_TYPE = YES_ERROR;
				GCC_WARN_UNDECLARED_SELECTOR = YES;
				GCC_WARN_UNINITIALIZED_AUTOS = YES_AGGRESSIVE;
				GCC_WARN_UNUSED_FUNCTION = YES;
				GCC_WARN_UNUSED_VARIABLE = YES;
				IPHONEOS_DEPLOYMENT_TARGET = 14.3;
				MTL_ENABLE_DEBUG_INFO = NO;
				MTL_FAST_MATH = YES;
				SDKROOT = iphoneos;
				SWIFT_COMPILATION_MODE = wholemodule;
				VALIDATE_PRODUCT = YES;
				VERSIONING_SYSTEM = "apple-generic";
				VERSION_INFO_PREFIX = "";
			};
			name = Release;
		};
		06CABB992630C3CA0097BEFF /* Debug */ = {
			isa = XCBuildConfiguration;
			baseConfigurationReference = 52B74E9835C985AD2FC16125 /* Pods-Rudder.debug.xcconfig */;
			buildSettings = {
				APPLICATION_EXTENSION_API_ONLY = NO;
				CLANG_ENABLE_MODULES = YES;
				CODE_SIGN_STYLE = Automatic;
				DEFINES_MODULE = YES;
				DEVELOPMENT_TEAM = GTGKNDBD23;
				DYLIB_COMPATIBILITY_VERSION = 1;
				DYLIB_CURRENT_VERSION = 1;
				DYLIB_INSTALL_NAME_BASE = "@rpath";
				INFOPLIST_FILE = "$(SRCROOT)/Rudder/SDKInfo/Info.plist";
				INSTALL_PATH = "$(LOCAL_LIBRARY_DIR)/Frameworks";
				IPHONEOS_DEPLOYMENT_TARGET = 12.0;
				LD_RUNPATH_SEARCH_PATHS = (
					"$(inherited)",
					"@executable_path/Frameworks",
					"@loader_path/Frameworks",
				);
				PRODUCT_BUNDLE_IDENTIFIER = com.rudderstack.Rudder;
				PRODUCT_NAME = "$(TARGET_NAME:c99extidentifier)";
				SKIP_INSTALL = YES;
				SUPPORTS_MACCATALYST = YES;
				SWIFT_OPTIMIZATION_LEVEL = "-Onone";
				SWIFT_VERSION = 5.0;
				TARGETED_DEVICE_FAMILY = "1,2";
			};
			name = Debug;
		};
		06CABB9A2630C3CA0097BEFF /* Release */ = {
			isa = XCBuildConfiguration;
			baseConfigurationReference = 2C6F92C046EF07137714AE79 /* Pods-Rudder.release.xcconfig */;
			buildSettings = {
				APPLICATION_EXTENSION_API_ONLY = NO;
				CLANG_ENABLE_MODULES = YES;
				CODE_SIGN_STYLE = Automatic;
				DEFINES_MODULE = YES;
				DEVELOPMENT_TEAM = GTGKNDBD23;
				DYLIB_COMPATIBILITY_VERSION = 1;
				DYLIB_CURRENT_VERSION = 1;
				DYLIB_INSTALL_NAME_BASE = "@rpath";
				INFOPLIST_FILE = "$(SRCROOT)/Rudder/SDKInfo/Info.plist";
				INSTALL_PATH = "$(LOCAL_LIBRARY_DIR)/Frameworks";
				IPHONEOS_DEPLOYMENT_TARGET = 12.0;
				LD_RUNPATH_SEARCH_PATHS = (
					"$(inherited)",
					"@executable_path/Frameworks",
					"@loader_path/Frameworks",
				);
				PRODUCT_BUNDLE_IDENTIFIER = com.rudderstack.Rudder;
				PRODUCT_NAME = "$(TARGET_NAME:c99extidentifier)";
				SKIP_INSTALL = YES;
				SUPPORTS_MACCATALYST = YES;
				SWIFT_VERSION = 5.0;
				TARGETED_DEVICE_FAMILY = "1,2";
			};
			name = Release;
		};
/* End XCBuildConfiguration section */

/* Begin XCConfigurationList section */
		06CABB7E2630C3CA0097BEFF /* Build configuration list for PBXProject "Rudder" */ = {
			isa = XCConfigurationList;
			buildConfigurations = (
				06CABB962630C3CA0097BEFF /* Debug */,
				06CABB972630C3CA0097BEFF /* Release */,
			);
			defaultConfigurationIsVisible = 0;
			defaultConfigurationName = Release;
		};
		06CABB982630C3CA0097BEFF /* Build configuration list for PBXNativeTarget "Rudder" */ = {
			isa = XCConfigurationList;
			buildConfigurations = (
				06CABB992630C3CA0097BEFF /* Debug */,
				06CABB9A2630C3CA0097BEFF /* Release */,
			);
			defaultConfigurationIsVisible = 0;
			defaultConfigurationName = Release;
		};
/* End XCConfigurationList section */
	};
	rootObject = 06CABB7B2630C3CA0097BEFF /* Project object */;
}
